
Microsoft Visual Studio Solution File, Format Version 12.00
# Visual Studio Version 16
VisualStudioVersion = 16.0.31019.35
MinimumVisualStudioVersion = 10.0.40219.1
Project("{FAE04EC0-301F-11D3-BF4B-00C04F79EFBC}") = "Blake.NET5Project", "Blake.NET5Project\Blake.NET5Project.csproj", "{D7AC1354-C9BA-4A19-A2EE-2BF9F184B7A4}"
EndProject
Global
	GlobalSection(SolutionConfigurationPlatforms) = preSolution
		Debug|Any CPU = Debug|Any CPU
		Release|Any CPU = Release|Any CPU
	EndGlobalSection
	GlobalSection(ProjectConfigurationPlatforms) = postSolution
		{D7AC1354-C9BA-4A19-A2EE-2BF9F184B7A4}.Debug|Any CPU.ActiveCfg = Debug|Any CPU
		{D7AC1354-C9BA-4A19-A2EE-2BF9F184B7A4}.Debug|Any CPU.Build.0 = Debug|Any CPU
		{D7AC1354-C9BA-4A19-A2EE-2BF9F184B7A4}.Release|Any CPU.ActiveCfg = Release|Any CPU
		{D7AC1354-C9BA-4A19-A2EE-2BF9F184B7A4}.Release|Any CPU.Build.0 = Release|Any CPU
	EndGlobalSection
	GlobalSection(SolutionProperties) = preSolution
		HideSolutionNode = FALSE
	EndGlobalSection
	GlobalSection(ExtensibilityGlobals) = postSolution
		SolutionGuid = {8D5269B8-6980-4B54-8077-7A76DD0B248C}
	EndGlobalSection
EndGlobal
